Microsoft Visual Studio Solution File, Format Version 11.00
# Visual Studio 2010
Project("{FAE04EC0-301F-11D3-BF4B-00C04F79EFBC}") = "VuforiaScripts", "VuforiaScripts.csproj", "{BCFF9459-044D-DB59-434E-89469554DD82}"
EndProject
Project("{FAE04EC0-301F-11D3-BF4B-00C04F79EFBC}") = "Assembly-CSharp", "Assembly-CSharp.csproj", "{D23224F1-0C89-3152-794F-4F3A2C49F823}"
EndProject
Project("{FAE04EC0-301F-11D3-BF4B-00C04F79EFBC}") = "VuforiaEditorScripts", "VuforiaEditorScripts.csproj", "{7A7EE933-920E-77D5-6803-8804CAFFA45D}"
EndProject
Global
	GlobalSection(SolutionConfigurationPlatforms) = preSolution
		Debug|Any CPU = Debug|Any CPU
		Release|Any CPU = Release|Any CPU
	EndGlobalSection
	GlobalSection(ProjectConfigurationPlatforms) = postSolution
		{BCFF9459-044D-DB59-434E-89469554DD82}.Debug|Any CPU.ActiveCfg = Debug|Any CPU
		{BCFF9459-044D-DB59-434E-89469554DD82}.Debug|Any CPU.Build.0 = Debug|Any CPU
		{BCFF9459-044D-DB59-434E-89469554DD82}.Release|Any CPU.ActiveCfg = Release|Any CPU
		{BCFF9459-044D-DB59-434E-89469554DD82}.Release|Any CPU.Build.0 = Release|Any CPU
		{D23224F1-0C89-3152-794F-4F3A2C49F823}.Debug|Any CPU.ActiveCfg = Debug|Any CPU
		{D23224F1-0C89-3152-794F-4F3A2C49F823}.Debug|Any CPU.Build.0 = Debug|Any CPU
		{D23224F1-0C89-3152-794F-4F3A2C49F823}.Release|Any CPU.ActiveCfg = Release|Any CPU
		{D23224F1-0C89-3152-794F-4F3A2C49F823}.Release|Any CPU.Build.0 = Release|Any CPU
		{7A7EE933-920E-77D5-6803-8804CAFFA45D}.Debug|Any CPU.ActiveCfg = Debug|Any CPU
		{7A7EE933-920E-77D5-6803-8804CAFFA45D}.Debug|Any CPU.Build.0 = Debug|Any CPU
		{7A7EE933-920E-77D5-6803-8804CAFFA45D}.Release|Any CPU.ActiveCfg = Release|Any CPU
		{7A7EE933-920E-77D5-6803-8804CAFFA45D}.Release|Any CPU.Build.0 = Release|Any CPU
	EndGlobalSection
	GlobalSection(SolutionProperties) = preSolution
		HideSolutionNode = FALSE
	EndGlobalSection
EndGlobal
